// !$*UTF8*$!
{
	archiveVersion = 1;
	classes = {
	};
	objectVersion = 46;
	objects = {

/* Begin PBXBuildFile section */
		2D7B9F2F1825549D0087E875 /* Foundation.framework in Frameworks */ = {isa = PBXBuildFile; fileRef = 2D7B9F2E1825549D0087E875 /* Foundation.framework */; };
		2D7B9F311825549D0087E875 /* CoreGraphics.framework in Frameworks */ = {isa = PBXBuildFile; fileRef = 2D7B9F301825549D0087E875 /* CoreGraphics.framework */; };
		2D7B9F331825549E0087E875 /* UIKit.framework in Frameworks */ = {isa = PBXBuildFile; fileRef = 2D7B9F321825549D0087E875 /* UIKit.framework */; };
		2D7B9F391825549E0087E875 /* InfoPlist.strings in Resources */ = {isa = PBXBuildFile; fileRef = 2D7B9F371825549E0087E875 /* InfoPlist.strings */; };
		2D7B9F3B1825549E0087E875 /* main.m in Sources */ = {isa = PBXBuildFile; fileRef = 2D7B9F3A1825549E0087E875 /* main.m */; };
		2D7B9F3F1825549E0087E875 /* F5DAppDelegate.m in Sources */ = {isa = PBXBuildFile; fileRef = 2D7B9F3E1825549E0087E875 /* F5DAppDelegate.m */; };
		2D7B9F421825549E0087E875 /* Main.storyboard in Resources */ = {isa = PBXBuildFile; fileRef = 2D7B9F401825549E0087E875 /* Main.storyboard */; };
		2D7B9F471825549E0087E875 /* Images.xcassets in Resources */ = {isa = PBXBuildFile; fileRef = 2D7B9F461825549E0087E875 /* Images.xcassets */; };
		2D7B9F4E1825549E0087E875 /* XCTest.framework in Frameworks */ = {isa = PBXBuildFile; fileRef = 2D7B9F4D1825549E0087E875 /* XCTest.framework */; };
		2D7B9F4F1825549E0087E875 /* Foundation.framework in Frameworks */ = {isa = PBXBuildFile; fileRef = 2D7B9F2E1825549D0087E875 /* Foundation.framework */; };
		2D7B9F501825549E0087E875 /* UIKit.framework in Frameworks */ = {isa = PBXBuildFile; fileRef = 2D7B9F321825549D0087E875 /* UIKit.framework */; };
		2D7B9F581825549E0087E875 /* InfoPlist.strings in Resources */ = {isa = PBXBuildFile; fileRef = 2D7B9F561825549E0087E875 /* InfoPlist.strings */; };
		2D7B9F5A1825549E0087E875 /* UITableViewController_Challenge_SolutionTests.m in Sources */ = {isa = PBXBuildFile; fileRef = 2D7B9F591825549E0087E875 /* UITableViewController_Challenge_SolutionTests.m */; };
		2D7B9F65182558450087E875 /* F5DTableViewController.m in Sources */ = {isa = PBXBuildFile; fileRef = 2D7B9F64182558450087E875 /* F5DTableViewController.m */; };
/* End PBXBuildFile section */

/* Begin PBXContainerItemProxy section */
		2D7B9F511825549E0087E875 /* PBXContainerItemProxy */ = {
			isa = PBXContainerItemProxy;
			containerPortal = 2D7B9F231825549D0087E875 /* Project object */;
			proxyType = 1;
			remoteGlobalIDString = 2D7B9F2A1825549D0087E875;
			remoteInfo = "UITableViewController Challenge Solution";
		};
/* End PBXContainerItemProxy section */

/* Begin PBXFileReference section */
		2D7B9F2B1825549D0087E875 /* UITableViewController Challenge Solution.app */ = {isa = PBXFileReference; explicitFileType = wrapper.application; includeInIndex = 0; path = "UITableViewController Challenge Solution.app"; sourceTree = BUILT_PRODUCTS_DIR; };
		2D7B9F2E1825549D0087E875 /* Foundation.framework */ = {isa = PBXFileReference; lastKnownFileType = wrapper.framework; name = Foundation.framework; path = System/Library/Frameworks/Foundation.framework; sourceTree = SDKROOT; };
		2D7B9F301825549D0087E875 /* CoreGraphics.framework */ = {isa = PBXFileReference; lastKnownFileType = wrapper.framework; name = CoreGraphics.framework; path = System/Library/Frameworks/CoreGraphics.framework; sourceTree = SDKROOT; };
		2D7B9F321825549D0087E875 /* UIKit.framework */ = {isa = PBXFileReference; lastKnownFileType = wrapper.framework; name = UIKit.framework; path = System/Library/Frameworks/UIKit.framework; sourceTree = SDKROOT; };
		2D7B9F361825549E0087E875 /* UITableViewController Challenge Solution-Info.plist */ = {isa = PBXFileReference; lastKnownFileType = text.plist.xml; path = "UITableViewController Challenge Solution-Info.plist"; sourceTree = "<group>"; };
		2D7B9F381825549E0087E875 /* en */ = {isa = PBXFileReference; lastKnownFileType = text.plist.strings; name = en; path = en.lproj/InfoPlist.strings; sourceTree = "<group>"; };
		2D7B9F3A1825549E0087E875 /* main.m */ = {isa = PBXFileReference; lastKnownFileType = sourcecode.c.objc; path = main.m; sourceTree = "<group>"; };
		2D7B9F3C1825549E0087E875 /* UITableViewController Challenge Solution-Prefix.pch */ = {isa = PBXFileReference; lastKnownFileType = sourcecode.c.h; path = "UITableViewController Challenge Solution-Prefix.pch"; sourceTree = "<group>"; };
		2D7B9F3D1825549E0087E875 /* F5DAppDelegate.h */ = {isa = PBXFileReference; lastKnownFileType = sourcecode.c.h; path = F5DAppDelegate.h; sourceTree = "<group>"; };
		2D7B9F3E1825549E0087E875 /* F5DAppDelegate.m */ = {isa = PBXFileReference; lastKnownFileType = sourcecode.c.objc; path = F5DAppDelegate.m; sourceTree = "<group>"; };
		2D7B9F411825549E0087E875 /* Base */ = {isa = PBXFileReference; lastKnownFileType = file.storyboard; name = Base; path = Base.lproj/Main.storyboard; sourceTree = "<group>"; };
		2D7B9F461825549E0087E875 /* Images.xcassets */ = {isa = PBXFileReference; lastKnownFileType = folder.assetcatalog; path = Images.xcassets; sourceTree = "<group>"; };
		2D7B9F4C1825549E0087E875 /* UITableViewController Challenge SolutionTests.xctest */ = {isa = PBXFileReference; explicitFileType = wrapper.cfbundle; includeInIndex = 0; path = "UITableViewController Challenge SolutionTests.xctest"; sourceTree = BUILT_PRODUCTS_DIR; };
		2D7B9F4D1825549E0087E875 /* XCTest.framework */ = {isa = PBXFileReference; lastKnownFileType = wrapper.framework; name = XCTest.framework; path = Library/Frameworks/XCTest.framework; sourceTree = DEVELOPER_DIR; };
		2D7B9F551825549E0087E875 /* UITableViewController Challenge SolutionTests-Info.plist */ = {isa = PBXFileReference; lastKnownFileType = text.plist.xml; path = "UITableViewController Challenge SolutionTests-Info.plist"; sourceTree = "<group>"; };
		2D7B9F571825549E0087E875 /* en */ = {isa = PBXFileReference; lastKnownFileType = text.plist.strings; name = en; path = en.lproj/InfoPlist.strings; sourceTree = "<group>"; };
		2D7B9F591825549E0087E875 /* UITableViewController_Challenge_SolutionTests.m */ = {isa = PBXFileReference; lastKnownFileType = sourcecode.c.objc; path = UITableViewController_Challenge_SolutionTests.m; sourceTree = "<group>"; };
		2D7B9F63182558450087E875 /* F5DTableViewController.h */ = {isa = PBXFileReference; fileEncoding = 4; lastKnownFileType = sourcecode.c.h; path = F5DTableViewController.h; sourceTree = "<group>"; };
		2D7B9F64182558450087E875 /* F5DTableViewController.m */ = {isa = PBXFileReference; fileEncoding = 4; lastKnownFileType = sourcecode.c.objc; path = F5DTableViewController.m; sourceTree = "<group>"; };
/* End PBXFileReference section */

/* Begin PBXFrameworksBuildPhase section */
		2D7B9F281825549D0087E875 /* Frameworks */ = {
			isa = PBXFrameworksBuildPhase;
			buildActionMask = 2147483647;
			files = (
				2D7B9F311825549D0087E875 /* CoreGraphics.framework in Frameworks */,
				2D7B9F331825549E0087E875 /* UIKit.framework in Frameworks */,
				2D7B9F2F1825549D0087E875 /* Foundation.framework in Frameworks */,
			);
			runOnlyForDeploymentPostprocessing = 0;
		};
		2D7B9F491825549E0087E875 /* Frameworks */ = {
			isa = PBXFrameworksBuildPhase;
			buildActionMask = 2147483647;
			files = (
				2D7B9F4E1825549E0087E875 /* XCTest.framework in Frameworks */,
				2D7B9F501825549E0087E875 /* UIKit.framework in Frameworks */,
				2D7B9F4F1825549E0087E875 /* Foundation.framework in Frameworks */,
			);
			runOnlyForDeploymentPostprocessing = 0;
		};
/* End PBXFrameworksBuildPhase section */

/* Begin PBXGroup section */
		2D7B9F221825549D0087E875 = {
			isa = PBXGroup;
			children = (
				2D7B9F341825549E0087E875 /* UITableViewController Challenge Solution */,
				2D7B9F531825549E0087E875 /* UITableViewController Challenge SolutionTests */,
				2D7B9F2D1825549D0087E875 /* Frameworks */,
				2D7B9F2C1825549D0087E875 /* Products */,
			);
			sourceTree = "<group>";
		};
		2D7B9F2C1825549D0087E875 /* Products */ = {
			isa = PBXGroup;
			children = (
				2D7B9F2B1825549D0087E875 /* UITableViewController Challenge Solution.app */,
				2D7B9F4C1825549E0087E875 /* UITableViewController Challenge SolutionTests.xctest */,
			);
			name = Products;
			sourceTree = "<group>";
		};
		2D7B9F2D1825549D0087E875 /* Frameworks */ = {
			isa = PBXGroup;
			children = (
				2D7B9F2E1825549D0087E875 /* Foundation.framework */,
				2D7B9F301825549D0087E875 /* CoreGraphics.framework */,
				2D7B9F321825549D0087E875 /* UIKit.framework */,
				2D7B9F4D1825549E0087E875 /* XCTest.framework */,
			);
			name = Frameworks;
			sourceTree = "<group>";
		};
		2D7B9F341825549E0087E875 /* UITableViewController Challenge Solution */ = {
			isa = PBXGroup;
			children = (
				2D7B9F3D1825549E0087E875 /* F5DAppDelegate.h */,
				2D7B9F3E1825549E0087E875 /* F5DAppDelegate.m */,
				2D7B9F401825549E0087E875 /* Main.storyboard */,
				2D7B9F63182558450087E875 /* F5DTableViewController.h */,
				2D7B9F64182558450087E875 /* F5DTableViewController.m */,
				2D7B9F461825549E0087E875 /* Images.xcassets */,
				2D7B9F351825549E0087E875 /* Supporting Files */,
			);
			path = "UITableViewController Challenge Solution";
			sourceTree = "<group>";
		};
		2D7B9F351825549E0087E875 /* Supporting Files */ = {
			isa = PBXGroup;
			children = (
				2D7B9F361825549E0087E875 /* UITableViewController Challenge Solution-Info.plist */,
				2D7B9F371825549E0087E875 /* InfoPlist.strings */,
				2D7B9F3A1825549E0087E875 /* main.m */,
				2D7B9F3C1825549E0087E875 /* UITableViewController Challenge Solution-Prefix.pch */,
			);
			name = "Supporting Files";
			sourceTree = "<group>";
		};
		2D7B9F531825549E0087E875 /* UITableViewController Challenge SolutionTests */ = {
			isa = PBXGroup;
			children = (
				2D7B9F591825549E0087E875 /* UITableViewController_Challenge_SolutionTests.m */,
				2D7B9F541825549E0087E875 /* Supporting Files */,
			);
			path = "UITableViewController Challenge SolutionTests";
			sourceTree = "<group>";
		};
		2D7B9F541825549E0087E875 /* Supporting Files */ = {
			isa = PBXGroup;
			children = (
				2D7B9F551825549E0087E875 /* UITableViewController Challenge SolutionTests-Info.plist */,
				2D7B9F561825549E0087E875 /* InfoPlist.strings */,
			);
			name = "Supporting Files";
			sourceTree = "<group>";
		};
/* End PBXGroup section */

/* Begin PBXNativeTarget section */
		2D7B9F2A1825549D0087E875 /* UITableViewController Challenge Solution */ = {
			isa = PBXNativeTarget;
			buildConfigurationList = 2D7B9F5D1825549E0087E875 /* Build configuration list for PBXNativeTarget "UITableViewController Challenge Solution" */;
			buildPhases = (
				2D7B9F271825549D0087E875 /* Sources */,
				2D7B9F281825549D0087E875 /* Frameworks */,
				2D7B9F291825549D0087E875 /* Resources */,
			);
			buildRules = (
			);
			dependencies = (
			);
			name = "UITableViewController Challenge Solution";
			productName = "UITableViewController Challenge Solution";
			productReference = 2D7B9F2B1825549D0087E875 /* UITableViewController Challenge Solution.app */;
			productType = "com.apple.product-type.application";
		};
		2D7B9F4B1825549E0087E875 /* UITableViewController Challenge SolutionTests */ = {
			isa = PBXNativeTarget;
			buildConfigurationList = 2D7B9F601825549E0087E875 /* Build configuration list for PBXNativeTarget "UITableViewController Challenge SolutionTests" */;
			buildPhases = (
				2D7B9F481825549E0087E875 /* Sources */,
				2D7B9F491825549E0087E875 /* Frameworks */,
				2D7B9F4A1825549E0087E875 /* Resources */,
			);
			buildRules = (
			);
			dependencies = (
				2D7B9F521825549E0087E875 /* PBXTargetDependency */,
			);
			name = "UITableViewController Challenge SolutionTests";
			productName = "UITableViewController Challenge SolutionTests";
			productReference = 2D7B9F4C1825549E0087E875 /* UITableViewController Challenge SolutionTests.xctest */;
			productType = "com.apple.product-type.bundle.unit-test";
		};
/* End PBXNativeTarget section */

/* Begin PBXProject section */
		2D7B9F231825549D0087E875 /* Project object */ = {
			isa = PBXProject;
			attributes = {
				CLASSPREFIX = F5D;
				LastUpgradeCheck = 0500;
				ORGANIZATIONNAME = Fluid5Design;
				TargetAttributes = {
					2D7B9F4B1825549E0087E875 = {
						TestTargetID = 2D7B9F2A1825549D0087E875;
					};
				};
			};
			buildConfigurationList = 2D7B9F261825549D0087E875 /* Build configuration list for PBXProject "UITableViewController Challenge Solution" */;
			compatibilityVersion = "Xcode 3.2";
			developmentRegion = English;
			hasScannedForEncodings = 0;
			knownRegions = (
				en,
				Base,
			);
			mainGroup = 2D7B9F221825549D0087E875;
			productRefGroup = 2D7B9F2C1825549D0087E875 /* Products */;
			projectDirPath = "";
			projectRoot = "";
			targets = (
				2D7B9F2A1825549D0087E875 /* UITableViewController Challenge Solution */,
				2D7B9F4B1825549E0087E875 /* UITableViewController Challenge SolutionTests */,
			);
		};
/* End PBXProject section */

/* Begin PBXResourcesBuildPhase section */
		2D7B9F291825549D0087E875 /* Resources */ = {
			isa = PBXResourcesBuildPhase;
			buildActionMask = 2147483647;
			files = (
				2D7B9F471825549E0087E875 /* Images.xcassets in Resources */,
				2D7B9F391825549E0087E875 /* InfoPlist.strings in Resources */,
				2D7B9F421825549E0087E875 /* Main.storyboard in Resources */,
			);
			runOnlyForDeploymentPostprocessing = 0;
		};
		2D7B9F4A1825549E0087E875 /* Resources */ = {
			isa = PBXResourcesBuildPhase;
			buildActionMask = 2147483647;
			files = (
				2D7B9F581825549E0087E875 /* InfoPlist.strings in Resources */,
			);
			runOnlyForDeploymentPostprocessing = 0;
		};
/* End PBXResourcesBuildPhase section */

/* Begin PBXSourcesBuildPhase section */
		2D7B9F271825549D0087E875 /* Sources */ = {
			isa = PBXSourcesBuildPhase;
			buildActionMask = 2147483647;
			files = (
				2D7B9F3F1825549E0087E875 /* F5DAppDelegate.m in Sources */,
				2D7B9F65182558450087E875 /* F5DTableViewController.m in Sources */,
				2D7B9F3B1825549E0087E875 /* main.m in Sources */,
			);
			runOnlyForDeploymentPostprocessing = 0;
		};
		2D7B9F481825549E0087E875 /* Sources */ = {
			isa = PBXSourcesBuildPhase;
			buildActionMask = 2147483647;
			files = (
				2D7B9F5A1825549E0087E875 /* UITableViewController_Challenge_SolutionTests.m in Sources */,
			);
			runOnlyForDeploymentPostprocessing = 0;
		};
/* End PBXSourcesBuildPhase section */

/* Begin PBXTargetDependency section */
		2D7B9F521825549E0087E875 /* PBXTargetDependency */ = {
			isa = PBXTargetDependency;
			target = 2D7B9F2A1825549D0087E875 /* UITableViewController Challenge Solution */;
			targetProxy = 2D7B9F511825549E0087E875 /* PBXContainerItemProxy */;
		};
/* End PBXTargetDependency section */

/* Begin PBXVariantGroup section */
		2D7B9F371825549E0087E875 /* InfoPlist.strings */ = {
			isa = PBXVariantGroup;
			children = (
				2D7B9F381825549E0087E875 /* en */,
			);
			name = InfoPlist.strings;
			sourceTree = "<group>";
		};
		2D7B9F401825549E0087E875 /* Main.storyboard */ = {
			isa = PBXVariantGroup;
			children = (
				2D7B9F411825549E0087E875 /* Base */,
			);
			name = Main.storyboard;
			sourceTree = "<group>";
		};
		2D7B9F561825549E0087E875 /* InfoPlist.strings */ = {
			isa = PBXVariantGroup;
			children = (
				2D7B9F571825549E0087E875 /* en */,
			);
			name = InfoPlist.strings;
			sourceTree = "<group>";
		};
/* End PBXVariantGroup section */

/* Begin XCBuildConfiguration section */
		2D7B9F5B1825549E0087E875 /* Debug */ = {
			isa = XCBuildConfiguration;
			buildSettings = {
				ALWAYS_SEARCH_USER_PATHS = NO;
				ARCHS = "$(ARCHS_STANDARD_INCLUDING_64_BIT)";
				CLANG_CXX_LANGUAGE_STANDARD = "gnu++0x";
				CLANG_CXX_LIBRARY = "libc++";
				CLANG_ENABLE_MODULES = YES;
				CLANG_ENABLE_OBJC_ARC = YES;
				CLANG_WARN_BOOL_CONVERSION = YES;
				CLANG_WARN_CONSTANT_CONVERSION = YES;
				CLANG_WARN_DIRECT_OBJC_ISA_USAGE = YES_ERROR;
				CLANG_WARN_EMPTY_BODY = YES;
				CLANG_WARN_ENUM_CONVERSION = YES;
				CLANG_WARN_INT_CONVERSION = YES;
				CLANG_WARN_OBJC_ROOT_CLASS = YES_ERROR;
				CLANG_WARN__DUPLICATE_METHOD_MATCH = YES;
				"CODE_SIGN_IDENTITY[sdk=iphoneos*]" = "iPhone Developer";
				COPY_PHASE_STRIP = NO;
				GCC_C_LANGUAGE_STANDARD = gnu99;
				GCC_DYNAMIC_NO_PIC = NO;
				GCC_OPTIMIZATION_LEVEL = 0;
				GCC_PREPROCESSOR_DEFINITIONS = (
					"DEBUG=1",
					"$(inherited)",
				);
				GCC_SYMBOLS_PRIVATE_EXTERN = NO;
				GCC_WARN_64_TO_32_BIT_CONVERSION = YES;
				GCC_WARN_ABOUT_RETURN_TYPE = YES_ERROR;
				GCC_WARN_UNDECLARED_SELECTOR = YES;
				GCC_WARN_UNINITIALIZED_AUTOS = YES;
				GCC_WARN_UNUSED_FUNCTION = YES;
				GCC_WARN_UNUSED_VARIABLE = YES;
				IPHONEOS_DEPLOYMENT_TARGET = 7.0;
				ONLY_ACTIVE_ARCH = YES;
				SDKROOT = iphoneos;
			};
			name = Debug;
		};
		2D7B9F5C1825549E0087E875 /* Release */ = {
			isa = XCBuildConfiguration;
			buildSettings = {
				ALWAYS_SEARCH_USER_PATHS = NO;
				ARCHS = "$(ARCHS_STANDARD_INCLUDING_64_BIT)";
				CLANG_CXX_LANGUAGE_STANDARD = "gnu++0x";
				CLANG_CXX_LIBRARY = "libc++";
				CLANG_ENABLE_MODULES = YES;
				CLANG_ENABLE_OBJC_ARC = YES;
				CLANG_WARN_BOOL_CONVERSION = YES;
				CLANG_WARN_CONSTANT_CONVERSION = YES;
				CLANG_WARN_DIRECT_OBJC_ISA_USAGE = YES_ERROR;
				CLANG_WARN_EMPTY_BODY = YES;
				CLANG_WARN_ENUM_CONVERSION = YES;
				CLANG_WARN_INT_CONVERSION = YES;
				CLANG_WARN_OBJC_ROOT_CLASS = YES_ERROR;
				CLANG_WARN__DUPLICATE_METHOD_MATCH = YES;
				"CODE_SIGN_IDENTITY[sdk=iphoneos*]" = "iPhone Developer";
				COPY_PHASE_STRIP = YES;
				ENABLE_NS_ASSERTIONS = NO;
				GCC_C_LANGUAGE_STANDARD = gnu99;
				GCC_WARN_64_TO_32_BIT_CONVERSION = YES;
				GCC_WARN_ABOUT_RETURN_TYPE = YES_ERROR;
				GCC_WARN_UNDECLARED_SELECTOR = YES;
				GCC_WARN_UNINITIALIZED_AUTOS = YES;
				GCC_WARN_UNUSED_FUNCTION = YES;
				GCC_WARN_UNUSED_VARIABLE = YES;
				IPHONEOS_DEPLOYMENT_TARGET = 7.0;
				SDKROOT = iphoneos;
				VALIDATE_PRODUCT = YES;
			};
			name = Release;
		};
		2D7B9F5E1825549E0087E875 /* Debug */ = {
			isa = XCBuildConfiguration;
			buildSettings = {
				ASSETCATALOG_COMPILER_APPICON_NAME = AppIcon;
				ASSETCATALOG_COMPILER_LAUNCHIMAGE_NAME = LaunchImage;
				GCC_PRECOMPILE_PREFIX_HEADER = YES;
				GCC_PREFIX_HEADER = "UITableViewController Challenge Solution/UITableViewController Challenge Solution-Prefix.pch";
				INFOPLIST_FILE = "UITableViewController Challenge Solution/UITableViewController Challenge Solution-Info.plist";
				PRODUCT_NAME = "$(TARGET_NAME)";
				WRAPPER_EXTENSION = app;
			};
			name = Debug;
		};
		2D7B9F5F1825549E0087E875 /* Release */ = {
			isa = XCBuildConfiguration;
			buildSettings = {
				ASSETCATALOG_COMPILER_APPICON_NAME = AppIcon;
				ASSETCATALOG_COMPILER_LAUNCHIMAGE_NAME = LaunchImage;
				GCC_PRECOMPILE_PREFIX_HEADER = YES;
				GCC_PREFIX_HEADER = "UITableViewController Challenge Solution/UITableViewController Challenge Solution-Prefix.pch";
				INFOPLIST_FILE = "UITableViewController Challenge Solution/UITableViewController Challenge Solution-Info.plist";
				PRODUCT_NAME = "$(TARGET_NAME)";
				WRAPPER_EXTENSION = app;
			};
			name = Release;
		};
		2D7B9F611825549E0087E875 /* Debug */ = {
			isa = XCBuildConfiguration;
			buildSettings = {
				ARCHS = "$(ARCHS_STANDARD_INCLUDING_64_BIT)";
				BUNDLE_LOADER = "$(BUILT_PRODUCTS_DIR)/UITableViewController Challenge Solution.app/UITableViewController Challenge Solution";
				FRAMEWORK_SEARCH_PATHS = (
					"$(SDKROOT)/Developer/Library/Frameworks",
					"$(inherited)",
					"$(DEVELOPER_FRAMEWORKS_DIR)",
				);
				GCC_PRECOMPILE_PREFIX_HEADER = YES;
				GCC_PREFIX_HEADER = "UITableViewController Challenge Solution/UITableViewController Challenge Solution-Prefix.pch";
				GCC_PREPROCESSOR_DEFINITIONS = (
					"DEBUG=1",
					"$(inherited)",
				);
				INFOPLIST_FILE = "UITableViewController Challenge SolutionTests/UITableViewController Challenge SolutionTests-Info.plist";
				PRODUCT_NAME = "$(TARGET_NAME)";
				TEST_HOST = "$(BUNDLE_LOADER)";
				WRAPPER_EXTENSION = xctest;
			};
			name = Debug;
		};
		2D7B9F621825549E0087E875 /* Release */ = {
			isa = XCBuildConfiguration;
			buildSettings = {
				ARCHS = "$(ARCHS_STANDARD_INCLUDING_64_BIT)";
				BUNDLE_LOADER = "$(BUILT_PRODUCTS_DIR)/UITableViewController Challenge Solution.app/UITableViewController Challenge Solution";
				FRAMEWORK_SEARCH_PATHS = (
					"$(SDKROOT)/Developer/Library/Frameworks",
					"$(inherited)",
					"$(DEVELOPER_FRAMEWORKS_DIR)",
				);
				GCC_PRECOMPILE_PREFIX_HEADER = YES;
				GCC_PREFIX_HEADER = "UITableViewController Challenge Solution/UITableViewController Challenge Solution-Prefix.pch";
				INFOPLIST_FILE = "UITableViewController Challenge SolutionTests/UITableViewController Challenge SolutionTests-Info.plist";
				PRODUCT_NAME = "$(TARGET_NAME)";
				TEST_HOST = "$(BUNDLE_LOADER)";
				WRAPPER_EXTENSION = xctest;
			};
			name = Release;
		};
/* End XCBuildConfiguration section */

/* Begin XCConfigurationList section */
		2D7B9F261825549D0087E875 /* Build configuration list for PBXProject "UITableViewController Challenge Solution" */ = {
			isa = XCConfigurationList;
			buildConfigurations = (
				2D7B9F5B1825549E0087E875 /* Debug */,
				2D7B9F5C1825549E0087E875 /* Release */,
			);
			defaultConfigurationIsVisible = 0;
			defaultConfigurationName = Release;
		};
		2D7B9F5D1825549E0087E875 /* Build configuration list for PBXNativeTarget "UITableViewController Challenge Solution" */ = {
			isa = XCConfigurationList;
			buildConfigurations = (
				2D7B9F5E1825549E0087E875 /* Debug */,
				2D7B9F5F1825549E0087E875 /* Release */,
			);
			defaultConfigurationIsVisible = 0;
		};
		2D7B9F601825549E0087E875 /* Build configuration list for PBXNativeTarget "UITableViewController Challenge SolutionTests" */ = {
			isa = XCConfigurationList;
			buildConfigurations = (
				2D7B9F611825549E0087E875 /* Debug */,
				2D7B9F621825549E0087E875 /* Release */,
			);
			defaultConfigurationIsVisible = 0;
		};
/* End XCConfigurationList section */
	};
	rootObject = 2D7B9F231825549D0087E875 /* Project object */;
}
